
Microsoft Visual Studio Solution File, Format Version 12.00
# Visual Studio Version 16
VisualStudioVersion = 16.0.31112.23
MinimumVisualStudioVersion = 10.0.40219.1
Project("{9A19103F-16F7-4668-BE54-9A1E7A4F7556}") = "SmartAdminNetCore", "SmartAdminNetCore\SmartAdminNetCore.csproj", "{175AB42A-6E18-482C-B438-2578D75401C0}"
EndProject
Project("{FAE04EC0-301F-11D3-BF4B-00C04F79EFBC}") = "SmartAdminNetCore.API", "SmartAdminNetCore.API\SmartAdminNetCore.API.csproj", "{D24FB608-81DE-400D-925F-2C94C3AD78D6}"
EndProject
Global
	GlobalSection(SolutionConfigurationPlatforms) = preSolution
		Debug|Any CPU = Debug|Any CPU
		Release|Any CPU = Release|Any CPU
	EndGlobalSection
	GlobalSection(ProjectConfigurationPlatforms) = postSolution
		{175AB42A-6E18-482C-B438-2578D75401C0}.Debug|Any CPU.ActiveCfg = Debug|Any CPU
		{175AB42A-6E18-482C-B438-2578D75401C0}.Debug|Any CPU.Build.0 = Debug|Any CPU
		{175AB42A-6E18-482C-B438-2578D75401C0}.Release|Any CPU.ActiveCfg = Release|Any CPU
		{175AB42A-6E18-482C-B438-2578D75401C0}.Release|Any CPU.Build.0 = Release|Any CPU
		{D24FB608-81DE-400D-925F-2C94C3AD78D6}.Debug|Any CPU.ActiveCfg = Debug|Any CPU
		{D24FB608-81DE-400D-925F-2C94C3AD78D6}.Debug|Any CPU.Build.0 = Debug|Any CPU
		{D24FB608-81DE-400D-925F-2C94C3AD78D6}.Release|Any CPU.ActiveCfg = Release|Any CPU
		{D24FB608-81DE-400D-925F-2C94C3AD78D6}.Release|Any CPU.Build.0 = Release|Any CPU
	EndGlobalSection
	GlobalSection(SolutionProperties) = preSolution
		HideSolutionNode = FALSE
	EndGlobalSection
	GlobalSection(ExtensibilityGlobals) = postSolution
		SolutionGuid = {4A56DF7A-8DAE-44F3-BA77-FFF4577D76D0}
	EndGlobalSection
	GlobalSection(TeamFoundationVersionControl) = preSolution
		SccNumberOfProjects = 3
		SccEnterpriseProvider = {4CA58AB2-18FA-4F8D-95D4-32DDF27D184C}
		SccTeamFoundationServer = https://razarajwani.visualstudio.com/
		SccLocalPath0 = .
		SccProjectUniqueName1 = SmartAdminNetCore\\SmartAdminNetCore.csproj
		SccProjectName1 = SmartAdminNetCore
		SccLocalPath1 = SmartAdminNetCore
		SccProjectUniqueName2 = SmartAdminNetCore.API\\SmartAdminNetCore.API.csproj
		SccProjectName2 = SmartAdminNetCore.API
		SccLocalPath2 = SmartAdminNetCore.API
	EndGlobalSection
EndGlobal
